
Microsoft Visual Studio Solution File, Format Version 11.00
# Visual Studio 2010
Project("{FAE04EC0-301F-11D3-BF4B-00C04F79EFBC}") = "Arch", "Assembly-CSharp.csproj", "{221D5EF0-9543-7F8C-629F-B4105731AEF8}"
EndProject
Project("{FAE04EC0-301F-11D3-BF4B-00C04F79EFBC}") = "Arch", "Assembly-CSharp-Editor.csproj", "{C284A33D-43F1-1D60-9482-B6514188BDF0}"
EndProject
Global
	GlobalSection(SolutionConfigurationPlatforms) = preSolution
		Debug|Any CPU = Debug|Any CPU
		Release|Any CPU = Release|Any CPU
	EndGlobalSection
	GlobalSection(ProjectConfigurationPlatforms) = postSolution
		{221D5EF0-9543-7F8C-629F-B4105731AEF8}.Debug|Any CPU.ActiveCfg = Debug|Any CPU
		{221D5EF0-9543-7F8C-629F-B4105731AEF8}.Debug|Any CPU.Build.0 = Debug|Any CPU
		{221D5EF0-9543-7F8C-629F-B4105731AEF8}.Release|Any CPU.ActiveCfg = Release|Any CPU
		{221D5EF0-9543-7F8C-629F-B4105731AEF8}.Release|Any CPU.Build.0 = Release|Any CPU
		{C284A33D-43F1-1D60-9482-B6514188BDF0}.Debug|Any CPU.ActiveCfg = Debug|Any CPU
		{C284A33D-43F1-1D60-9482-B6514188BDF0}.Debug|Any CPU.Build.0 = Debug|Any CPU
		{C284A33D-43F1-1D60-9482-B6514188BDF0}.Release|Any CPU.ActiveCfg = Release|Any CPU
		{C284A33D-43F1-1D60-9482-B6514188BDF0}.Release|Any CPU.Build.0 = Release|Any CPU
	EndGlobalSection
	GlobalSection(SolutionProperties) = preSolution
		HideSolutionNode = FALSE
	EndGlobalSection
	GlobalSection(MonoDevelopProperties) = preSolution
		StartupItem = Assembly-CSharp.csproj
	EndGlobalSection
EndGlobal
